// !$*UTF8*$!
{
	archiveVersion = 1;
	classes = {
	};
	objectVersion = 50;
	objects = {

/* Begin PBXBuildFile section */
		6265522625D74758001B9570 /* Koombea_Ortiz_FitApp.swift in Sources */ = {isa = PBXBuildFile; fileRef = 6265522525D74758001B9570 /* Koombea_Ortiz_FitApp.swift */; };
		6265522825D74758001B9570 /* ContentView.swift in Sources */ = {isa = PBXBuildFile; fileRef = 6265522725D74758001B9570 /* ContentView.swift */; };
		6265522A25D7475C001B9570 /* Assets.xcassets in Resources */ = {isa = PBXBuildFile; fileRef = 6265522925D7475C001B9570 /* Assets.xcassets */; };
		6265522D25D7475C001B9570 /* Preview Assets.xcassets in Resources */ = {isa = PBXBuildFile; fileRef = 6265522C25D7475C001B9570 /* Preview Assets.xcassets */; };
		6265523825D7475D001B9570 /* Koombea_Ortiz_FitTests.swift in Sources */ = {isa = PBXBuildFile; fileRef = 6265523725D7475D001B9570 /* Koombea_Ortiz_FitTests.swift */; };
		6265524325D7475D001B9570 /* Koombea_Ortiz_FitUITests.swift in Sources */ = {isa = PBXBuildFile; fileRef = 6265524225D7475D001B9570 /* Koombea_Ortiz_FitUITests.swift */; };
/* End PBXBuildFile section */

/* Begin PBXContainerItemProxy section */
		6265523425D7475D001B9570 /* PBXContainerItemProxy */ = {
			isa = PBXContainerItemProxy;
			containerPortal = 6265521A25D74758001B9570 /* Project object */;
			proxyType = 1;
			remoteGlobalIDString = 6265522125D74758001B9570;
			remoteInfo = "Koombea-Ortiz-Fit";
		};
		6265523F25D7475D001B9570 /* PBXContainerItemProxy */ = {
			isa = PBXContainerItemProxy;
			containerPortal = 6265521A25D74758001B9570 /* Project object */;
			proxyType = 1;
			remoteGlobalIDString = 6265522125D74758001B9570;
			remoteInfo = "Koombea-Ortiz-Fit";
		};
/* End PBXContainerItemProxy section */

/* Begin PBXFileReference section */
		6265522225D74758001B9570 /* Koombea-Ortiz-Fit.app */ = {isa = PBXFileReference; explicitFileType = wrapper.application; includeInIndex = 0; path = "Koombea-Ortiz-Fit.app"; sourceTree = BUILT_PRODUCTS_DIR; };
		6265522525D74758001B9570 /* Koombea_Ortiz_FitApp.swift */ = {isa = PBXFileReference; lastKnownFileType = sourcecode.swift; path = Koombea_Ortiz_FitApp.swift; sourceTree = "<group>"; };
		6265522725D74758001B9570 /* ContentView.swift */ = {isa = PBXFileReference; lastKnownFileType = sourcecode.swift; path = ContentView.swift; sourceTree = "<group>"; };
		6265522925D7475C001B9570 /* Assets.xcassets */ = {isa = PBXFileReference; lastKnownFileType = folder.assetcatalog; path = Assets.xcassets; sourceTree = "<group>"; };
		6265522C25D7475C001B9570 /* Preview Assets.xcassets */ = {isa = PBXFileReference; lastKnownFileType = folder.assetcatalog; path = "Preview Assets.xcassets"; sourceTree = "<group>"; };
		6265522E25D7475C001B9570 /* Info.plist */ = {isa = PBXFileReference; lastKnownFileType = text.plist.xml; path = Info.plist; sourceTree = "<group>"; };
		6265523325D7475D001B9570 /* Koombea-Ortiz-FitTests.xctest */ = {isa = PBXFileReference; explicitFileType = wrapper.cfbundle; includeInIndex = 0; path = "Koombea-Ortiz-FitTests.xctest"; sourceTree = BUILT_PRODUCTS_DIR; };
		6265523725D7475D001B9570 /* Koombea_Ortiz_FitTests.swift */ = {isa = PBXFileReference; lastKnownFileType = sourcecode.swift; path = Koombea_Ortiz_FitTests.swift; sourceTree = "<group>"; };
		6265523925D7475D001B9570 /* Info.plist */ = {isa = PBXFileReference; lastKnownFileType = text.plist.xml; path = Info.plist; sourceTree = "<group>"; };
		6265523E25D7475D001B9570 /* Koombea-Ortiz-FitUITests.xctest */ = {isa = PBXFileReference; explicitFileType = wrapper.cfbundle; includeInIndex = 0; path = "Koombea-Ortiz-FitUITests.xctest"; sourceTree = BUILT_PRODUCTS_DIR; };
		6265524225D7475D001B9570 /* Koombea_Ortiz_FitUITests.swift */ = {isa = PBXFileReference; lastKnownFileType = sourcecode.swift; path = Koombea_Ortiz_FitUITests.swift; sourceTree = "<group>"; };
		6265524425D7475D001B9570 /* Info.plist */ = {isa = PBXFileReference; lastKnownFileType = text.plist.xml; path = Info.plist; sourceTree = "<group>"; };
/* End PBXFileReference section */

/* Begin PBXFrameworksBuildPhase section */
		6265521F25D74758001B9570 /* Frameworks */ = {
			isa = PBXFrameworksBuildPhase;
			buildActionMask = 2147483647;
			files = (
			);
			runOnlyForDeploymentPostprocessing = 0;
		};
		6265523025D7475D001B9570 /* Frameworks */ = {
			isa = PBXFrameworksBuildPhase;
			buildActionMask = 2147483647;
			files = (
			);
			runOnlyForDeploymentPostprocessing = 0;
		};
		6265523B25D7475D001B9570 /* Frameworks */ = {
			isa = PBXFrameworksBuildPhase;
			buildActionMask = 2147483647;
			files = (
			);
			runOnlyForDeploymentPostprocessing = 0;
		};
/* End PBXFrameworksBuildPhase section */

/* Begin PBXGroup section */
		6265521925D74758001B9570 = {
			isa = PBXGroup;
			children = (
				6265522425D74758001B9570 /* Koombea-Ortiz-Fit */,
				6265523625D7475D001B9570 /* Koombea-Ortiz-FitTests */,
				6265524125D7475D001B9570 /* Koombea-Ortiz-FitUITests */,
				6265522325D74758001B9570 /* Products */,
			);
			sourceTree = "<group>";
		};
		6265522325D74758001B9570 /* Products */ = {
			isa = PBXGroup;
			children = (
				6265522225D74758001B9570 /* Koombea-Ortiz-Fit.app */,
				6265523325D7475D001B9570 /* Koombea-Ortiz-FitTests.xctest */,
				6265523E25D7475D001B9570 /* Koombea-Ortiz-FitUITests.xctest */,
			);
			name = Products;
			sourceTree = "<group>";
		};
		6265522425D74758001B9570 /* Koombea-Ortiz-Fit */ = {
			isa = PBXGroup;
			children = (
				6265522525D74758001B9570 /* Koombea_Ortiz_FitApp.swift */,
				6265522725D74758001B9570 /* ContentView.swift */,
				6265522925D7475C001B9570 /* Assets.xcassets */,
				6265522E25D7475C001B9570 /* Info.plist */,
				6265522B25D7475C001B9570 /* Preview Content */,
			);
			path = "Koombea-Ortiz-Fit";
			sourceTree = "<group>";
		};
		6265522B25D7475C001B9570 /* Preview Content */ = {
			isa = PBXGroup;
			children = (
				6265522C25D7475C001B9570 /* Preview Assets.xcassets */,
			);
			path = "Preview Content";
			sourceTree = "<group>";
		};
		6265523625D7475D001B9570 /* Koombea-Ortiz-FitTests */ = {
			isa = PBXGroup;
			children = (
				6265523725D7475D001B9570 /* Koombea_Ortiz_FitTests.swift */,
				6265523925D7475D001B9570 /* Info.plist */,
			);
			path = "Koombea-Ortiz-FitTests";
			sourceTree = "<group>";
		};
		6265524125D7475D001B9570 /* Koombea-Ortiz-FitUITests */ = {
			isa = PBXGroup;
			children = (
				6265524225D7475D001B9570 /* Koombea_Ortiz_FitUITests.swift */,
				6265524425D7475D001B9570 /* Info.plist */,
			);
			path = "Koombea-Ortiz-FitUITests";
			sourceTree = "<group>";
		};
/* End PBXGroup section */

/* Begin PBXNativeTarget section */
		6265522125D74758001B9570 /* Koombea-Ortiz-Fit */ = {
			isa = PBXNativeTarget;
			buildConfigurationList = 6265524725D7475D001B9570 /* Build configuration list for PBXNativeTarget "Koombea-Ortiz-Fit" */;
			buildPhases = (
				6265521E25D74758001B9570 /* Sources */,
				6265521F25D74758001B9570 /* Frameworks */,
				6265522025D74758001B9570 /* Resources */,
			);
			buildRules = (
			);
			dependencies = (
			);
			name = "Koombea-Ortiz-Fit";
			productName = "Koombea-Ortiz-Fit";
			productReference = 6265522225D74758001B9570 /* Koombea-Ortiz-Fit.app */;
			productType = "com.apple.product-type.application";
		};
		6265523225D7475D001B9570 /* Koombea-Ortiz-FitTests */ = {
			isa = PBXNativeTarget;
			buildConfigurationList = 6265524A25D7475D001B9570 /* Build configuration list for PBXNativeTarget "Koombea-Ortiz-FitTests" */;
			buildPhases = (
				6265522F25D7475D001B9570 /* Sources */,
				6265523025D7475D001B9570 /* Frameworks */,
				6265523125D7475D001B9570 /* Resources */,
			);
			buildRules = (
			);
			dependencies = (
				6265523525D7475D001B9570 /* PBXTargetDependency */,
			);
			name = "Koombea-Ortiz-FitTests";
			productName = "Koombea-Ortiz-FitTests";
			productReference = 6265523325D7475D001B9570 /* Koombea-Ortiz-FitTests.xctest */;
			productType = "com.apple.product-type.bundle.unit-test";
		};
		6265523D25D7475D001B9570 /* Koombea-Ortiz-FitUITests */ = {
			isa = PBXNativeTarget;
			buildConfigurationList = 6265524D25D7475D001B9570 /* Build configuration list for PBXNativeTarget "Koombea-Ortiz-FitUITests" */;
			buildPhases = (
				6265523A25D7475D001B9570 /* Sources */,
				6265523B25D7475D001B9570 /* Frameworks */,
				6265523C25D7475D001B9570 /* Resources */,
			);
			buildRules = (
			);
			dependencies = (
				6265524025D7475D001B9570 /* PBXTargetDependency */,
			);
			name = "Koombea-Ortiz-FitUITests";
			productName = "Koombea-Ortiz-FitUITests";
			productReference = 6265523E25D7475D001B9570 /* Koombea-Ortiz-FitUITests.xctest */;
			productType = "com.apple.product-type.bundle.ui-testing";
		};
/* End PBXNativeTarget section */

/* Begin PBXProject section */
		6265521A25D74758001B9570 /* Project object */ = {
			isa = PBXProject;
			attributes = {
				LastSwiftUpdateCheck = 1230;
				LastUpgradeCheck = 1230;
				TargetAttributes = {
					6265522125D74758001B9570 = {
						CreatedOnToolsVersion = 12.3;
					};
					6265523225D7475D001B9570 = {
						CreatedOnToolsVersion = 12.3;
						TestTargetID = 6265522125D74758001B9570;
					};
					6265523D25D7475D001B9570 = {
						CreatedOnToolsVersion = 12.3;
						TestTargetID = 6265522125D74758001B9570;
					};
				};
			};
			buildConfigurationList = 6265521D25D74758001B9570 /* Build configuration list for PBXProject "Koombea-Ortiz-Fit" */;
			compatibilityVersion = "Xcode 9.3";
			developmentRegion = en;
			hasScannedForEncodings = 0;
			knownRegions = (
				en,
				Base,
			);
			mainGroup = 6265521925D74758001B9570;
			productRefGroup = 6265522325D74758001B9570 /* Products */;
			projectDirPath = "";
			projectRoot = "";
			targets = (
				6265522125D74758001B9570 /* Koombea-Ortiz-Fit */,
				6265523225D7475D001B9570 /* Koombea-Ortiz-FitTests */,
				6265523D25D7475D001B9570 /* Koombea-Ortiz-FitUITests */,
			);
		};
/* End PBXProject section */

/* Begin PBXResourcesBuildPhase section */
		6265522025D74758001B9570 /* Resources */ = {
			isa = PBXResourcesBuildPhase;
			buildActionMask = 2147483647;
			files = (
				6265522D25D7475C001B9570 /* Preview Assets.xcassets in Resources */,
				6265522A25D7475C001B9570 /* Assets.xcassets in Resources */,
			);
			runOnlyForDeploymentPostprocessing = 0;
		};
		6265523125D7475D001B9570 /* Resources */ = {
			isa = PBXResourcesBuildPhase;
			buildActionMask = 2147483647;
			files = (
			);
			runOnlyForDeploymentPostprocessing = 0;
		};
		6265523C25D7475D001B9570 /* Resources */ = {
			isa = PBXResourcesBuildPhase;
			buildActionMask = 2147483647;
			files = (
			);
			runOnlyForDeploymentPostprocessing = 0;
		};
/* End PBXResourcesBuildPhase section */

/* Begin PBXSourcesBuildPhase section */
		6265521E25D74758001B9570 /* Sources */ = {
			isa = PBXSourcesBuildPhase;
			buildActionMask = 2147483647;
			files = (
				6265522825D74758001B9570 /* ContentView.swift in Sources */,
				6265522625D74758001B9570 /* Koombea_Ortiz_FitApp.swift in Sources */,
			);
			runOnlyForDeploymentPostprocessing = 0;
		};
		6265522F25D7475D001B9570 /* Sources */ = {
			isa = PBXSourcesBuildPhase;
			buildActionMask = 2147483647;
			files = (
				6265523825D7475D001B9570 /* Koombea_Ortiz_FitTests.swift in Sources */,
			);
			runOnlyForDeploymentPostprocessing = 0;
		};
		6265523A25D7475D001B9570 /* Sources */ = {
			isa = PBXSourcesBuildPhase;
			buildActionMask = 2147483647;
			files = (
				6265524325D7475D001B9570 /* Koombea_Ortiz_FitUITests.swift in Sources */,
			);
			runOnlyForDeploymentPostprocessing = 0;
		};
/* End PBXSourcesBuildPhase section */

/* Begin PBXTargetDependency section */
		6265523525D7475D001B9570 /* PBXTargetDependency */ = {
			isa = PBXTargetDependency;
			target = 6265522125D74758001B9570 /* Koombea-Ortiz-Fit */;
			targetProxy = 6265523425D7475D001B9570 /* PBXContainerItemProxy */;
		};
		6265524025D7475D001B9570 /* PBXTargetDependency */ = {
			isa = PBXTargetDependency;
			target = 6265522125D74758001B9570 /* Koombea-Ortiz-Fit */;
			targetProxy = 6265523F25D7475D001B9570 /* PBXContainerItemProxy */;
		};
/* End PBXTargetDependency section */

/* Begin XCBuildConfiguration section */
		6265524525D7475D001B9570 /* Debug */ = {
			isa = XCBuildConfiguration;
			buildSettings = {
				ALWAYS_SEARCH_USER_PATHS = NO;
				CLANG_ANALYZER_NONNULL = YES;
				CLANG_ANALYZER_NUMBER_OBJECT_CONVERSION = YES_AGGRESSIVE;
				CLANG_CXX_LANGUAGE_STANDARD = "gnu++14";
				CLANG_CXX_LIBRARY = "libc++";
				CLANG_ENABLE_MODULES = YES;
				CLANG_ENABLE_OBJC_ARC = YES;
				CLANG_ENABLE_OBJC_WEAK = YES;
				CLANG_WARN_BLOCK_CAPTURE_AUTORELEASING = YES;
				CLANG_WARN_BOOL_CONVERSION = YES;
				CLANG_WARN_COMMA = YES;
				CLANG_WARN_CONSTANT_CONVERSION = YES;
				CLANG_WARN_DEPRECATED_OBJC_IMPLEMENTATIONS = YES;
				CLANG_WARN_DIRECT_OBJC_ISA_USAGE = YES_ERROR;
				CLANG_WARN_DOCUMENTATION_COMMENTS = YES;
				CLANG_WARN_EMPTY_BODY = YES;
				CLANG_WARN_ENUM_CONVERSION = YES;
				CLANG_WARN_INFINITE_RECURSION = YES;
				CLANG_WARN_INT_CONVERSION = YES;
				CLANG_WARN_NON_LITERAL_NULL_CONVERSION = YES;
				CLANG_WARN_OBJC_IMPLICIT_RETAIN_SELF = YES;
				CLANG_WARN_OBJC_LITERAL_CONVERSION = YES;
				CLANG_WARN_OBJC_ROOT_CLASS = YES_ERROR;
				CLANG_WARN_QUOTED_INCLUDE_IN_FRAMEWORK_HEADER = YES;
				CLANG_WARN_RANGE_LOOP_ANALYSIS = YES;
				CLANG_WARN_STRICT_PROTOTYPES = YES;
				CLANG_WARN_SUSPICIOUS_MOVE = YES;
				CLANG_WARN_UNGUARDED_AVAILABILITY = YES_AGGRESSIVE;
				CLANG_WARN_UNREACHABLE_CODE = YES;
				CLANG_WARN__DUPLICATE_METHOD_MATCH = YES;
				COPY_PHASE_STRIP = NO;
				DEBUG_INFORMATION_FORMAT = dwarf;
				ENABLE_STRICT_OBJC_MSGSEND = YES;
				ENABLE_TESTABILITY = YES;
				GCC_C_LANGUAGE_STANDARD = gnu11;
				GCC_DYNAMIC_NO_PIC = NO;
				GCC_NO_COMMON_BLOCKS = YES;
				GCC_OPTIMIZATION_LEVEL = 0;
				GCC_PREPROCESSOR_DEFINITIONS = (
					"DEBUG=1",
					"$(inherited)",
				);
				GCC_WARN_64_TO_32_BIT_CONVERSION = YES;
				GCC_WARN_ABOUT_RETURN_TYPE = YES_ERROR;
				GCC_WARN_UNDECLARED_SELECTOR = YES;
				GCC_WARN_UNINITIALIZED_AUTOS = YES_AGGRESSIVE;
				GCC_WARN_UNUSED_FUNCTION = YES;
				GCC_WARN_UNUSED_VARIABLE = YES;
				IPHONEOS_DEPLOYMENT_TARGET = 14.3;
				MTL_ENABLE_DEBUG_INFO = INCLUDE_SOURCE;
				MTL_FAST_MATH = YES;
				ONLY_ACTIVE_ARCH = YES;
				SDKROOT = iphoneos;
				SWIFT_ACTIVE_COMPILATION_CONDITIONS = DEBUG;
				SWIFT_OPTIMIZATION_LEVEL = "-Onone";
			};
			name = Debug;
		};
		6265524625D7475D001B9570 /* Release */ = {
			isa = XCBuildConfiguration;
			buildSettings = {
				ALWAYS_SEARCH_USER_PATHS = NO;
				CLANG_ANALYZER_NONNULL = YES;
				CLANG_ANALYZER_NUMBER_OBJECT_CONVERSION = YES_AGGRESSIVE;
				CLANG_CXX_LANGUAGE_STANDARD = "gnu++14";
				CLANG_CXX_LIBRARY = "libc++";
				CLANG_ENABLE_MODULES = YES;
				CLANG_ENABLE_OBJC_ARC = YES;
				CLANG_ENABLE_OBJC_WEAK = YES;
				CLANG_WARN_BLOCK_CAPTURE_AUTORELEASING = YES;
				CLANG_WARN_BOOL_CONVERSION = YES;
				CLANG_WARN_COMMA = YES;
				CLANG_WARN_CONSTANT_CONVERSION = YES;
				CLANG_WARN_DEPRECATED_OBJC_IMPLEMENTATIONS = YES;
				CLANG_WARN_DIRECT_OBJC_ISA_USAGE = YES_ERROR;
				CLANG_WARN_DOCUMENTATION_COMMENTS = YES;
				CLANG_WARN_EMPTY_BODY = YES;
				CLANG_WARN_ENUM_CONVERSION = YES;
				CLANG_WARN_INFINITE_RECURSION = YES;
				CLANG_WARN_INT_CONVERSION = YES;
				CLANG_WARN_NON_LITERAL_NULL_CONVERSION = YES;
				CLANG_WARN_OBJC_IMPLICIT_RETAIN_SELF = YES;
				CLANG_WARN_OBJC_LITERAL_CONVERSION = YES;
				CLANG_WARN_OBJC_ROOT_CLASS = YES_ERROR;
				CLANG_WARN_QUOTED_INCLUDE_IN_FRAMEWORK_HEADER = YES;
				CLANG_WARN_RANGE_LOOP_ANALYSIS = YES;
				CLANG_WARN_STRICT_PROTOTYPES = YES;
				CLANG_WARN_SUSPICIOUS_MOVE = YES;
				CLANG_WARN_UNGUARDED_AVAILABILITY = YES_AGGRESSIVE;
				CLANG_WARN_UNREACHABLE_CODE = YES;
				CLANG_WARN__DUPLICATE_METHOD_MATCH = YES;
				COPY_PHASE_STRIP = NO;
				DEBUG_INFORMATION_FORMAT = "dwarf-with-dsym";
				ENABLE_NS_ASSERTIONS = NO;
				ENABLE_STRICT_OBJC_MSGSEND = YES;
				GCC_C_LANGUAGE_STANDARD = gnu11;
				GCC_NO_COMMON_BLOCKS = YES;
				GCC_WARN_64_TO_32_BIT_CONVERSION = YES;
				GCC_WARN_ABOUT_RETURN_TYPE = YES_ERROR;
				GCC_WARN_UNDECLARED_SELECTOR = YES;
				GCC_WARN_UNINITIALIZED_AUTOS = YES_AGGRESSIVE;
				GCC_WARN_UNUSED_FUNCTION = YES;
				GCC_WARN_UNUSED_VARIABLE = YES;
				IPHONEOS_DEPLOYMENT_TARGET = 14.3;
				MTL_ENABLE_DEBUG_INFO = NO;
				MTL_FAST_MATH = YES;
				SDKROOT = iphoneos;
				SWIFT_COMPILATION_MODE = wholemodule;
				SWIFT_OPTIMIZATION_LEVEL = "-O";
				VALIDATE_PRODUCT = YES;
			};
			name = Release;
		};
		6265524825D7475D001B9570 /* Debug */ = {
			isa = XCBuildConfiguration;
			buildSettings = {
				ASSETCATALOG_COMPILER_APPICON_NAME = AppIcon;
				ASSETCATALOG_COMPILER_GLOBAL_ACCENT_COLOR_NAME = AccentColor;
				CODE_SIGN_STYLE = Automatic;
				DEVELOPMENT_ASSET_PATHS = "\"Koombea-Ortiz-Fit/Preview Content\"";
				DEVELOPMENT_TEAM = 8MJ7ZUN23F;
				ENABLE_PREVIEWS = YES;
				INFOPLIST_FILE = "Koombea-Ortiz-Fit/Info.plist";
				IPHONEOS_DEPLOYMENT_TARGET = 14.0;
				LD_RUNPATH_SEARCH_PATHS = (
					"$(inherited)",
					"@executable_path/Frameworks",
				);
				PRODUCT_BUNDLE_IDENTIFIER = "com.davit-ortiz.Koombea-Ortiz-Fit";
				PRODUCT_NAME = "$(TARGET_NAME)";
				SWIFT_VERSION = 5.0;
				TARGETED_DEVICE_FAMILY = "1,2";
			};
			name = Debug;
		};
		6265524925D7475D001B9570 /* Release */ = {
			isa = XCBuildConfiguration;
			buildSettings = {
				ASSETCATALOG_COMPILER_APPICON_NAME = AppIcon;
				ASSETCATALOG_COMPILER_GLOBAL_ACCENT_COLOR_NAME = AccentColor;
				CODE_SIGN_STYLE = Automatic;
				DEVELOPMENT_ASSET_PATHS = "\"Koombea-Ortiz-Fit/Preview Content\"";
				DEVELOPMENT_TEAM = 8MJ7ZUN23F;
				ENABLE_PREVIEWS = YES;
				INFOPLIST_FILE = "Koombea-Ortiz-Fit/Info.plist";
				IPHONEOS_DEPLOYMENT_TARGET = 14.0;
				LD_RUNPATH_SEARCH_PATHS = (
					"$(inherited)",
					"@executable_path/Frameworks",
				);
				PRODUCT_BUNDLE_IDENTIFIER = "com.davit-ortiz.Koombea-Ortiz-Fit";
				PRODUCT_NAME = "$(TARGET_NAME)";
				SWIFT_VERSION = 5.0;
				TARGETED_DEVICE_FAMILY = "1,2";
			};
			name = Release;
		};
		6265524B25D7475D001B9570 /* Debug */ = {
			isa = XCBuildConfiguration;
			buildSettings = {
				ALWAYS_EMBED_SWIFT_STANDARD_LIBRARIES = YES;
				BUNDLE_LOADER = "$(TEST_HOST)";
				CODE_SIGN_STYLE = Automatic;
				DEVELOPMENT_TEAM = 8MJ7ZUN23F;
				INFOPLIST_FILE = "Koombea-Ortiz-FitTests/Info.plist";
				IPHONEOS_DEPLOYMENT_TARGET = 14.0;
				LD_RUNPATH_SEARCH_PATHS = (
					"$(inherited)",
					"@executable_path/Frameworks",
					"@loader_path/Frameworks",
				);
				PRODUCT_BUNDLE_IDENTIFIER = "com.davit-ortiz.Koombea-Ortiz-FitTests";
				PRODUCT_NAME = "$(TARGET_NAME)";
				SWIFT_VERSION = 5.0;
				TARGETED_DEVICE_FAMILY = "1,2";
				TEST_HOST = "$(BUILT_PRODUCTS_DIR)/Koombea-Ortiz-Fit.app/Koombea-Ortiz-Fit";
			};
			name = Debug;
		};
		6265524C25D7475D001B9570 /* Release */ = {
			isa = XCBuildConfiguration;
			buildSettings = {
				ALWAYS_EMBED_SWIFT_STANDARD_LIBRARIES = YES;
				BUNDLE_LOADER = "$(TEST_HOST)";
				CODE_SIGN_STYLE = Automatic;
				DEVELOPMENT_TEAM = 8MJ7ZUN23F;
				INFOPLIST_FILE = "Koombea-Ortiz-FitTests/Info.plist";
				IPHONEOS_DEPLOYMENT_TARGET = 14.0;
				LD_RUNPATH_SEARCH_PATHS = (
					"$(inherited)",
					"@executable_path/Frameworks",
					"@loader_path/Frameworks",
				);
				PRODUCT_BUNDLE_IDENTIFIER = "com.davit-ortiz.Koombea-Ortiz-FitTests";
				PRODUCT_NAME = "$(TARGET_NAME)";
				SWIFT_VERSION = 5.0;
				TARGETED_DEVICE_FAMILY = "1,2";
				TEST_HOST = "$(BUILT_PRODUCTS_DIR)/Koombea-Ortiz-Fit.app/Koombea-Ortiz-Fit";
			};
			name = Release;
		};
		6265524E25D7475D001B9570 /* Debug */ = {
			isa = XCBuildConfiguration;
			buildSettings = {
				ALWAYS_EMBED_SWIFT_STANDARD_LIBRARIES = YES;
				CODE_SIGN_STYLE = Automatic;
				DEVELOPMENT_TEAM = 8MJ7ZUN23F;
				INFOPLIST_FILE = "Koombea-Ortiz-FitUITests/Info.plist";
				LD_RUNPATH_SEARCH_PATHS = (
					"$(inherited)",
					"@executable_path/Frameworks",
					"@loader_path/Frameworks",
				);
				PRODUCT_BUNDLE_IDENTIFIER = "com.davit-ortiz.Koombea-Ortiz-FitUITests";
				PRODUCT_NAME = "$(TARGET_NAME)";
				SWIFT_VERSION = 5.0;
				TARGETED_DEVICE_FAMILY = "1,2";
				TEST_TARGET_NAME = "Koombea-Ortiz-Fit";
			};
			name = Debug;
		};
		6265524F25D7475D001B9570 /* Release */ = {
			isa = XCBuildConfiguration;
			buildSettings = {
				ALWAYS_EMBED_SWIFT_STANDARD_LIBRARIES = YES;
				CODE_SIGN_STYLE = Automatic;
				DEVELOPMENT_TEAM = 8MJ7ZUN23F;
				INFOPLIST_FILE = "Koombea-Ortiz-FitUITests/Info.plist";
				LD_RUNPATH_SEARCH_PATHS = (
					"$(inherited)",
					"@executable_path/Frameworks",
					"@loader_path/Frameworks",
				);
				PRODUCT_BUNDLE_IDENTIFIER = "com.davit-ortiz.Koombea-Ortiz-FitUITests";
				PRODUCT_NAME = "$(TARGET_NAME)";
				SWIFT_VERSION = 5.0;
				TARGETED_DEVICE_FAMILY = "1,2";
				TEST_TARGET_NAME = "Koombea-Ortiz-Fit";
			};
			name = Release;
		};
/* End XCBuildConfiguration section */

/* Begin XCConfigurationList section */
		6265521D25D74758001B9570 /* Build configuration list for PBXProject "Koombea-Ortiz-Fit" */ = {
			isa = XCConfigurationList;
			buildConfigurations = (
				6265524525D7475D001B9570 /* Debug */,
				6265524625D7475D001B9570 /* Release */,
			);
			defaultConfigurationIsVisible = 0;
			defaultConfigurationName = Release;
		};
		6265524725D7475D001B9570 /* Build configuration list for PBXNativeTarget "Koombea-Ortiz-Fit" */ = {
			isa = XCConfigurationList;
			buildConfigurations = (
				6265524825D7475D001B9570 /* Debug */,
				6265524925D7475D001B9570 /* Release */,
			);
			defaultConfigurationIsVisible = 0;
			defaultConfigurationName = Release;
		};
		6265524A25D7475D001B9570 /* Build configuration list for PBXNativeTarget "Koombea-Ortiz-FitTests" */ = {
			isa = XCConfigurationList;
			buildConfigurations = (
				6265524B25D7475D001B9570 /* Debug */,
				6265524C25D7475D001B9570 /* Release */,
			);
			defaultConfigurationIsVisible = 0;
			defaultConfigurationName = Release;
		};
		6265524D25D7475D001B9570 /* Build configuration list for PBXNativeTarget "Koombea-Ortiz-FitUITests" */ = {
			isa = XCConfigurationList;
			buildConfigurations = (
				6265524E25D7475D001B9570 /* Debug */,
				6265524F25D7475D001B9570 /* Release */,
			);
			defaultConfigurationIsVisible = 0;
			defaultConfigurationName = Release;
		};
/* End XCConfigurationList section */
	};
	rootObject = 6265521A25D74758001B9570 /* Project object */;
}
